
Microsoft Visual Studio Solution File, Format Version 12.00
# Visual Studio Version 16
VisualStudioVersion = 16.0.29009.5
MinimumVisualStudioVersion = 10.0.40219.1
Project("{FAE04EC0-301F-11D3-BF4B-00C04F79EFBC}") = "TrojanInvasion", "TrojanInvasion\TrojanInvasion.csproj", "{7EF44AAE-F351-4064-B690-00032D8B80F8}"
EndProject
Project("{FAE04EC0-301F-11D3-BF4B-00C04F79EFBC}") = "Helen'sAbduction", "Helen'sAbduction\Helen'sAbduction.csproj", "{AD1FBE6A-82C8-4C52-9F20-EDC86CA3AE73}"
EndProject
Global
	GlobalSection(SolutionConfigurationPlatforms) = preSolution
		Debug|Any CPU = Debug|Any CPU
		Release|Any CPU = Release|Any CPU
	EndGlobalSection
	GlobalSection(ProjectConfigurationPlatforms) = postSolution
		{7EF44AAE-F351-4064-B690-00032D8B80F8}.Debug|Any CPU.ActiveCfg = Debug|Any CPU
		{7EF44AAE-F351-4064-B690-00032D8B80F8}.Debug|Any CPU.Build.0 = Debug|Any CPU
		{7EF44AAE-F351-4064-B690-00032D8B80F8}.Release|Any CPU.ActiveCfg = Release|Any CPU
		{7EF44AAE-F351-4064-B690-00032D8B80F8}.Release|Any CPU.Build.0 = Release|Any CPU
		{AD1FBE6A-82C8-4C52-9F20-EDC86CA3AE73}.Debug|Any CPU.ActiveCfg = Debug|Any CPU
		{AD1FBE6A-82C8-4C52-9F20-EDC86CA3AE73}.Debug|Any CPU.Build.0 = Debug|Any CPU
		{AD1FBE6A-82C8-4C52-9F20-EDC86CA3AE73}.Release|Any CPU.ActiveCfg = Release|Any CPU
		{AD1FBE6A-82C8-4C52-9F20-EDC86CA3AE73}.Release|Any CPU.Build.0 = Release|Any CPU
	EndGlobalSection
	GlobalSection(SolutionProperties) = preSolution
		HideSolutionNode = FALSE
	EndGlobalSection
	GlobalSection(ExtensibilityGlobals) = postSolution
		SolutionGuid = {1264C41F-E6F8-4150-8BA7-DBC610B8165A}
	EndGlobalSection
EndGlobal
