
Microsoft Visual Studio Solution File, Format Version 12.00
# Visual Studio Version 16
VisualStudioVersion = 16.0.28922.388
MinimumVisualStudioVersion = 10.0.40219.1
Project("{9A19103F-16F7-4668-BE54-9A1E7A4F7556}") = "GenericBoxOfString", "Generic Box of String\GenericBoxOfString.csproj", "{BA5DFDA7-E0CE-4BF1-90B4-D2E0E2BB7325}"
EndProject
Project("{9A19103F-16F7-4668-BE54-9A1E7A4F7556}") = "GenericSwapMethodStrings", "GenericSwapMethodStrings\GenericSwapMethodStrings.csproj", "{8BD41925-D669-4798-AD06-F5BC2C5040D2}"
EndProject
Project("{9A19103F-16F7-4668-BE54-9A1E7A4F7556}") = "GenericCountMethodStrings", "GenericCountMethodStrings\GenericCountMethodStrings.csproj", "{2EBCD398-BCC6-4C22-91B7-18E5D14A061A}"
EndProject
Project("{FAE04EC0-301F-11D3-BF4B-00C04F79EFBC}") = "GenericBoxOfInt", "GenericBoxOfInt\GenericBoxOfInt.csproj", "{242D7F1C-9448-4063-B169-EBDB7BC8F669}"
EndProject
Project("{FAE04EC0-301F-11D3-BF4B-00C04F79EFBC}") = "GenericSwapMethodInt", "GenericSwapMethodInt\GenericSwapMethodInt.csproj", "{A3A96A9F-B899-42CD-A33C-97761BC754F3}"
EndProject
Project("{FAE04EC0-301F-11D3-BF4B-00C04F79EFBC}") = "GenericCountMethodDouble", "GenericCountMethodDouble\GenericCountMethodDouble.csproj", "{98490865-9C26-48FB-960B-6910C4C7028F}"
EndProject
Project("{FAE04EC0-301F-11D3-BF4B-00C04F79EFBC}") = "Tuple", "Tuple\Tuple.csproj", "{DE7B743B-3387-46D3-A7E9-176209F79876}"
EndProject
Project("{FAE04EC0-301F-11D3-BF4B-00C04F79EFBC}") = "Threeuple", "Threeuple\Threeuple.csproj", "{9D154487-01AF-4145-9BFD-B10F118111E8}"
EndProject
Project("{FAE04EC0-301F-11D3-BF4B-00C04F79EFBC}") = "Workshop", "Workshop\Workshop.csproj", "{5221570D-A7A1-40B2-8759-B1AF3EE4A163}"
EndProject
Project("{FAE04EC0-301F-11D3-BF4B-00C04F79EFBC}") = "LaptopShop", "LaptopShop\LaptopShop.csproj", "{0E4A051D-E4FE-4D63-8C60-5C0AADB48163}"
EndProject
Global
	GlobalSection(SolutionConfigurationPlatforms) = preSolution
		Debug|Any CPU = Debug|Any CPU
		Release|Any CPU = Release|Any CPU
	EndGlobalSection
	GlobalSection(ProjectConfigurationPlatforms) = postSolution
		{BA5DFDA7-E0CE-4BF1-90B4-D2E0E2BB7325}.Debug|Any CPU.ActiveCfg = Debug|Any CPU
		{BA5DFDA7-E0CE-4BF1-90B4-D2E0E2BB7325}.Debug|Any CPU.Build.0 = Debug|Any CPU
		{BA5DFDA7-E0CE-4BF1-90B4-D2E0E2BB7325}.Release|Any CPU.ActiveCfg = Release|Any CPU
		{BA5DFDA7-E0CE-4BF1-90B4-D2E0E2BB7325}.Release|Any CPU.Build.0 = Release|Any CPU
		{8BD41925-D669-4798-AD06-F5BC2C5040D2}.Debug|Any CPU.ActiveCfg = Debug|Any CPU
		{8BD41925-D669-4798-AD06-F5BC2C5040D2}.Debug|Any CPU.Build.0 = Debug|Any CPU
		{8BD41925-D669-4798-AD06-F5BC2C5040D2}.Release|Any CPU.ActiveCfg = Release|Any CPU
		{8BD41925-D669-4798-AD06-F5BC2C5040D2}.Release|Any CPU.Build.0 = Release|Any CPU
		{2EBCD398-BCC6-4C22-91B7-18E5D14A061A}.Debug|Any CPU.ActiveCfg = Debug|Any CPU
		{2EBCD398-BCC6-4C22-91B7-18E5D14A061A}.Debug|Any CPU.Build.0 = Debug|Any CPU
		{2EBCD398-BCC6-4C22-91B7-18E5D14A061A}.Release|Any CPU.ActiveCfg = Release|Any CPU
		{2EBCD398-BCC6-4C22-91B7-18E5D14A061A}.Release|Any CPU.Build.0 = Release|Any CPU
		{242D7F1C-9448-4063-B169-EBDB7BC8F669}.Debug|Any CPU.ActiveCfg = Debug|Any CPU
		{242D7F1C-9448-4063-B169-EBDB7BC8F669}.Debug|Any CPU.Build.0 = Debug|Any CPU
		{242D7F1C-9448-4063-B169-EBDB7BC8F669}.Release|Any CPU.ActiveCfg = Release|Any CPU
		{242D7F1C-9448-4063-B169-EBDB7BC8F669}.Release|Any CPU.Build.0 = Release|Any CPU
		{A3A96A9F-B899-42CD-A33C-97761BC754F3}.Debug|Any CPU.ActiveCfg = Debug|Any CPU
		{A3A96A9F-B899-42CD-A33C-97761BC754F3}.Debug|Any CPU.Build.0 = Debug|Any CPU
		{A3A96A9F-B899-42CD-A33C-97761BC754F3}.Release|Any CPU.ActiveCfg = Release|Any CPU
		{A3A96A9F-B899-42CD-A33C-97761BC754F3}.Release|Any CPU.Build.0 = Release|Any CPU
		{98490865-9C26-48FB-960B-6910C4C7028F}.Debug|Any CPU.ActiveCfg = Debug|Any CPU
		{98490865-9C26-48FB-960B-6910C4C7028F}.Debug|Any CPU.Build.0 = Debug|Any CPU
		{98490865-9C26-48FB-960B-6910C4C7028F}.Release|Any CPU.ActiveCfg = Release|Any CPU
		{98490865-9C26-48FB-960B-6910C4C7028F}.Release|Any CPU.Build.0 = Release|Any CPU
		{DE7B743B-3387-46D3-A7E9-176209F79876}.Debug|Any CPU.ActiveCfg = Debug|Any CPU
		{DE7B743B-3387-46D3-A7E9-176209F79876}.Debug|Any CPU.Build.0 = Debug|Any CPU
		{DE7B743B-3387-46D3-A7E9-176209F79876}.Release|Any CPU.ActiveCfg = Release|Any CPU
		{DE7B743B-3387-46D3-A7E9-176209F79876}.Release|Any CPU.Build.0 = Release|Any CPU
		{9D154487-01AF-4145-9BFD-B10F118111E8}.Debug|Any CPU.ActiveCfg = Debug|Any CPU
		{9D154487-01AF-4145-9BFD-B10F118111E8}.Debug|Any CPU.Build.0 = Debug|Any CPU
		{9D154487-01AF-4145-9BFD-B10F118111E8}.Release|Any CPU.ActiveCfg = Release|Any CPU
		{9D154487-01AF-4145-9BFD-B10F118111E8}.Release|Any CPU.Build.0 = Release|Any CPU
		{5221570D-A7A1-40B2-8759-B1AF3EE4A163}.Debug|Any CPU.ActiveCfg = Debug|Any CPU
		{5221570D-A7A1-40B2-8759-B1AF3EE4A163}.Debug|Any CPU.Build.0 = Debug|Any CPU
		{5221570D-A7A1-40B2-8759-B1AF3EE4A163}.Release|Any CPU.ActiveCfg = Release|Any CPU
		{5221570D-A7A1-40B2-8759-B1AF3EE4A163}.Release|Any CPU.Build.0 = Release|Any CPU
		{0E4A051D-E4FE-4D63-8C60-5C0AADB48163}.Debug|Any CPU.ActiveCfg = Debug|Any CPU
		{0E4A051D-E4FE-4D63-8C60-5C0AADB48163}.Debug|Any CPU.Build.0 = Debug|Any CPU
		{0E4A051D-E4FE-4D63-8C60-5C0AADB48163}.Release|Any CPU.ActiveCfg = Release|Any CPU
		{0E4A051D-E4FE-4D63-8C60-5C0AADB48163}.Release|Any CPU.Build.0 = Release|Any CPU
	EndGlobalSection
	GlobalSection(SolutionProperties) = preSolution
		HideSolutionNode = FALSE
	EndGlobalSection
	GlobalSection(ExtensibilityGlobals) = postSolution
		SolutionGuid = {7E95F7EB-979A-42FE-A3A3-B3B83C8F3510}
	EndGlobalSection
EndGlobal
