
Microsoft Visual Studio Solution File, Format Version 12.00
# Visual Studio Version 16
VisualStudioVersion = 16.0.29009.5
MinimumVisualStudioVersion = 10.0.40219.1
Project("{9A19103F-16F7-4668-BE54-9A1E7A4F7556}") = "Repository", "Repository.csproj", "{7029D335-0D1D-4128-8B07-3D4A52BC93F0}"
EndProject
Global
	GlobalSection(SolutionConfigurationPlatforms) = preSolution
		Debug|Any CPU = Debug|Any CPU
		Release|Any CPU = Release|Any CPU
	EndGlobalSection
	GlobalSection(ProjectConfigurationPlatforms) = postSolution
		{7029D335-0D1D-4128-8B07-3D4A52BC93F0}.Debug|Any CPU.ActiveCfg = Debug|Any CPU
		{7029D335-0D1D-4128-8B07-3D4A52BC93F0}.Debug|Any CPU.Build.0 = Debug|Any CPU
		{7029D335-0D1D-4128-8B07-3D4A52BC93F0}.Release|Any CPU.ActiveCfg = Release|Any CPU
		{7029D335-0D1D-4128-8B07-3D4A52BC93F0}.Release|Any CPU.Build.0 = Release|Any CPU
	EndGlobalSection
	GlobalSection(SolutionProperties) = preSolution
		HideSolutionNode = FALSE
	EndGlobalSection
	GlobalSection(ExtensibilityGlobals) = postSolution
		SolutionGuid = {165C7500-5F49-497C-B807-4A9861DF74FC}
	EndGlobalSection
EndGlobal
